// !$*UTF8*$!
{
	archiveVersion = 1;
	classes = {
	};
	objectVersion = 46;
	objects = {

/* Begin PBXBuildFile section */
		9436265ABD324A30621AF5A4 /* Pods_PitchPerfect.framework in Frameworks */ = {isa = PBXBuildFile; fileRef = F74FE7032C65425B6E9CC936 /* Pods_PitchPerfect.framework */; };
		9623D6A51E14C63F003588D3 /* AppDelegate.swift in Sources */ = {isa = PBXBuildFile; fileRef = 9623D6A41E14C63F003588D3 /* AppDelegate.swift */; };
		9623D6A71E14C63F003588D3 /* RecordSoundsViewController.swift in Sources */ = {isa = PBXBuildFile; fileRef = 9623D6A61E14C63F003588D3 /* RecordSoundsViewController.swift */; };
		9623D6AA1E14C63F003588D3 /* Main.storyboard in Resources */ = {isa = PBXBuildFile; fileRef = 9623D6A81E14C63F003588D3 /* Main.storyboard */; };
		9623D6AC1E14C63F003588D3 /* Assets.xcassets in Resources */ = {isa = PBXBuildFile; fileRef = 9623D6AB1E14C63F003588D3 /* Assets.xcassets */; };
		9623D6AF1E14C63F003588D3 /* LaunchScreen.storyboard in Resources */ = {isa = PBXBuildFile; fileRef = 9623D6AD1E14C63F003588D3 /* LaunchScreen.storyboard */; };
		969A22BA1E1FA103000EFC08 /* InteractivePlayerView.swift in Sources */ = {isa = PBXBuildFile; fileRef = 969A22B81E1FA103000EFC08 /* InteractivePlayerView.swift */; };
		969A22BB1E1FA104000EFC08 /* InteractivePlayerView.xib in Resources */ = {isa = PBXBuildFile; fileRef = 969A22B91E1FA103000EFC08 /* InteractivePlayerView.xib */; };
		96AE35B11E1FE77500D30A89 /* Organ.m4a in Resources */ = {isa = PBXBuildFile; fileRef = 96AE35B01E1FE77500D30A89 /* Organ.m4a */; };
		96B5E1EC1E1CD84600B10BB7 /* AWCollectionViewDialLayout.swift in Sources */ = {isa = PBXBuildFile; fileRef = 96B5E1EB1E1CD84600B10BB7 /* AWCollectionViewDialLayout.swift */; };
		96B5E1EE1E1CDD0400B10BB7 /* PlaySoundsDialLayoutViewController.swift in Sources */ = {isa = PBXBuildFile; fileRef = 96B5E1ED1E1CDD0400B10BB7 /* PlaySoundsDialLayoutViewController.swift */; };
		96B5E1F01E1CE4CF00B10BB7 /* dialLayoutCell.swift in Sources */ = {isa = PBXBuildFile; fileRef = 96B5E1EF1E1CE4CF00B10BB7 /* dialLayoutCell.swift */; };
		96B5E1F21E1D14F300B10BB7 /* PlaySoundsVCExtension.swift in Sources */ = {isa = PBXBuildFile; fileRef = 96B5E1F11E1D14F300B10BB7 /* PlaySoundsVCExtension.swift */; };
		96C9EDC61E212D220074F638 /* Drum.m4a in Resources */ = {isa = PBXBuildFile; fileRef = 96C9EDC51E212D220074F638 /* Drum.m4a */; };
		96C9EDCB1E22457A0074F638 /* UIColorExtension.swift in Sources */ = {isa = PBXBuildFile; fileRef = 96C9EDCA1E22457A0074F638 /* UIColorExtension.swift */; };
/* End PBXBuildFile section */

/* Begin PBXFileReference section */
		32BC99EBD22C802F185D56C2 /* Pods-PitchPerfect.debug.xcconfig */ = {isa = PBXFileReference; includeInIndex = 1; lastKnownFileType = text.xcconfig; name = "Pods-PitchPerfect.debug.xcconfig"; path = "Pods/Target Support Files/Pods-PitchPerfect/Pods-PitchPerfect.debug.xcconfig"; sourceTree = "<group>"; };
		739236C6B49BDEB5745EDF69 /* Pods-PitchPerfect.release.xcconfig */ = {isa = PBXFileReference; includeInIndex = 1; lastKnownFileType = text.xcconfig; name = "Pods-PitchPerfect.release.xcconfig"; path = "Pods/Target Support Files/Pods-PitchPerfect/Pods-PitchPerfect.release.xcconfig"; sourceTree = "<group>"; };
		9623D6A11E14C63F003588D3 /* PitchPerfect.app */ = {isa = PBXFileReference; explicitFileType = wrapper.application; includeInIndex = 0; path = PitchPerfect.app; sourceTree = BUILT_PRODUCTS_DIR; };
		9623D6A41E14C63F003588D3 /* AppDelegate.swift */ = {isa = PBXFileReference; lastKnownFileType = sourcecode.swift; path = AppDelegate.swift; sourceTree = "<group>"; };
		9623D6A61E14C63F003588D3 /* RecordSoundsViewController.swift */ = {isa = PBXFileReference; lastKnownFileType = sourcecode.swift; path = RecordSoundsViewController.swift; sourceTree = "<group>"; };
		9623D6A91E14C63F003588D3 /* Base */ = {isa = PBXFileReference; lastKnownFileType = file.storyboard; name = Base; path = Base.lproj/Main.storyboard; sourceTree = "<group>"; };
		9623D6AB1E14C63F003588D3 /* Assets.xcassets */ = {isa = PBXFileReference; lastKnownFileType = folder.assetcatalog; path = Assets.xcassets; sourceTree = "<group>"; };
		9623D6AE1E14C63F003588D3 /* Base */ = {isa = PBXFileReference; lastKnownFileType = file.storyboard; name = Base; path = Base.lproj/LaunchScreen.storyboard; sourceTree = "<group>"; };
		9623D6B01E14C63F003588D3 /* Info.plist */ = {isa = PBXFileReference; lastKnownFileType = text.plist.xml; path = Info.plist; sourceTree = "<group>"; };
		965290E31E163D4600DE1D1C /* PitchPerfect-Bridging-Header.h */ = {isa = PBXFileReference; lastKnownFileType = sourcecode.c.h; path = "PitchPerfect-Bridging-Header.h"; sourceTree = "<group>"; };
		969A22B81E1FA103000EFC08 /* InteractivePlayerView.swift */ = {isa = PBXFileReference; fileEncoding = 4; lastKnownFileType = sourcecode.swift; path = InteractivePlayerView.swift; sourceTree = "<group>"; };
		969A22B91E1FA103000EFC08 /* InteractivePlayerView.xib */ = {isa = PBXFileReference; fileEncoding = 4; lastKnownFileType = file.xib; path = InteractivePlayerView.xib; sourceTree = "<group>"; };
		96AE35B01E1FE77500D30A89 /* Organ.m4a */ = {isa = PBXFileReference; lastKnownFileType = file; name = Organ.m4a; path = Music/Organ.m4a; sourceTree = "<group>"; };
		96B5E1EB1E1CD84600B10BB7 /* AWCollectionViewDialLayout.swift */ = {isa = PBXFileReference; fileEncoding = 4; lastKnownFileType = sourcecode.swift; path = AWCollectionViewDialLayout.swift; sourceTree = "<group>"; };
		96B5E1ED1E1CDD0400B10BB7 /* PlaySoundsDialLayoutViewController.swift */ = {isa = PBXFileReference; fileEncoding = 4; lastKnownFileType = sourcecode.swift; path = PlaySoundsDialLayoutViewController.swift; sourceTree = "<group>"; };
		96B5E1EF1E1CE4CF00B10BB7 /* dialLayoutCell.swift */ = {isa = PBXFileReference; fileEncoding = 4; lastKnownFileType = sourcecode.swift; path = dialLayoutCell.swift; sourceTree = "<group>"; };
		96B5E1F11E1D14F300B10BB7 /* PlaySoundsVCExtension.swift */ = {isa = PBXFileReference; fileEncoding = 4; lastKnownFileType = sourcecode.swift; path = PlaySoundsVCExtension.swift; sourceTree = "<group>"; };
		96C9EDC51E212D220074F638 /* Drum.m4a */ = {isa = PBXFileReference; lastKnownFileType = file; name = Drum.m4a; path = Music/Drum.m4a; sourceTree = "<group>"; };
		96C9EDCA1E22457A0074F638 /* UIColorExtension.swift */ = {isa = PBXFileReference; fileEncoding = 4; lastKnownFileType = sourcecode.swift; path = UIColorExtension.swift; sourceTree = "<group>"; };
		F74FE7032C65425B6E9CC936 /* Pods_PitchPerfect.framework */ = {isa = PBXFileReference; explicitFileType = wrapper.framework; includeInIndex = 0; path = Pods_PitchPerfect.framework; sourceTree = BUILT_PRODUCTS_DIR; };
/* End PBXFileReference section */

/* Begin PBXFrameworksBuildPhase section */
		9623D69E1E14C63F003588D3 /* Frameworks */ = {
			isa = PBXFrameworksBuildPhase;
			buildActionMask = 2147483647;
			files = (
				9436265ABD324A30621AF5A4 /* Pods_PitchPerfect.framework in Frameworks */,
			);
			runOnlyForDeploymentPostprocessing = 0;
		};
/* End PBXFrameworksBuildPhase section */

/* Begin PBXGroup section */
		67518E42C7FAC1ACF0EEE2E5 /* Pods */ = {
			isa = PBXGroup;
			children = (
				32BC99EBD22C802F185D56C2 /* Pods-PitchPerfect.debug.xcconfig */,
				739236C6B49BDEB5745EDF69 /* Pods-PitchPerfect.release.xcconfig */,
			);
			name = Pods;
			sourceTree = "<group>";
		};
		9623D6981E14C63F003588D3 = {
			isa = PBXGroup;
			children = (
				9623D6A31E14C63F003588D3 /* PitchPerfect */,
				9623D6A21E14C63F003588D3 /* Products */,
				67518E42C7FAC1ACF0EEE2E5 /* Pods */,
				C7CDD381E3EA59BA2795DB83 /* Frameworks */,
			);
			sourceTree = "<group>";
		};
		9623D6A21E14C63F003588D3 /* Products */ = {
			isa = PBXGroup;
			children = (
				9623D6A11E14C63F003588D3 /* PitchPerfect.app */,
			);
			name = Products;
			sourceTree = "<group>";
		};
		9623D6A31E14C63F003588D3 /* PitchPerfect */ = {
			isa = PBXGroup;
			children = (
				96C9EDCC1E227B390074F638 /* View */,
				964070E51E18C23A0041FAC2 /* ViewController */,
				9623D6A41E14C63F003588D3 /* AppDelegate.swift */,
				9623D6A81E14C63F003588D3 /* Main.storyboard */,
				9623D6AB1E14C63F003588D3 /* Assets.xcassets */,
				9623D6AD1E14C63F003588D3 /* LaunchScreen.storyboard */,
				9623D6B01E14C63F003588D3 /* Info.plist */,
				965290E31E163D4600DE1D1C /* PitchPerfect-Bridging-Header.h */,
				96AE35AF1E1FE77500D30A89 /* Resources */,
			);
			path = PitchPerfect;
			sourceTree = "<group>";
		};
		964070E51E18C23A0041FAC2 /* ViewController */ = {
			isa = PBXGroup;
			children = (
				9623D6A61E14C63F003588D3 /* RecordSoundsViewController.swift */,
				96B5E1ED1E1CDD0400B10BB7 /* PlaySoundsDialLayoutViewController.swift */,
				96B5E1F11E1D14F300B10BB7 /* PlaySoundsVCExtension.swift */,
			);
			name = ViewController;
			sourceTree = "<group>";
		};
		969A22B61E1FA0DB000EFC08 /* Lib */ = {
			isa = PBXGroup;
			children = (
				96B5E1EB1E1CD84600B10BB7 /* AWCollectionViewDialLayout.swift */,
				969A22B71E1FA103000EFC08 /* ipv_source */,
			);
			name = Lib;
			sourceTree = "<group>";
		};
		969A22B71E1FA103000EFC08 /* ipv_source */ = {
			isa = PBXGroup;
			children = (
				969A22B81E1FA103000EFC08 /* InteractivePlayerView.swift */,
				969A22B91E1FA103000EFC08 /* InteractivePlayerView.xib */,
			);
			name = ipv_source;
			path = Lib/ipv_source;
			sourceTree = "<group>";
		};
		96AE35AF1E1FE77500D30A89 /* Resources */ = {
			isa = PBXGroup;
			children = (
				96AE35B01E1FE77500D30A89 /* Organ.m4a */,
				96C9EDC51E212D220074F638 /* Drum.m4a */,
			);
			path = Resources;
			sourceTree = "<group>";
		};
		96C9EDCC1E227B390074F638 /* View */ = {
			isa = PBXGroup;
			children = (
				96C9EDCA1E22457A0074F638 /* UIColorExtension.swift */,
				96B5E1EF1E1CE4CF00B10BB7 /* dialLayoutCell.swift */,
				969A22B61E1FA0DB000EFC08 /* Lib */,
			);
			name = View;
			sourceTree = "<group>";
		};
		C7CDD381E3EA59BA2795DB83 /* Frameworks */ = {
			isa = PBXGroup;
			children = (
				F74FE7032C65425B6E9CC936 /* Pods_PitchPerfect.framework */,
			);
			name = Frameworks;
			sourceTree = "<group>";
		};
/* End PBXGroup section */

/* Begin PBXNativeTarget section */
		9623D6A01E14C63F003588D3 /* PitchPerfect */ = {
			isa = PBXNativeTarget;
			buildConfigurationList = 9623D6B31E14C63F003588D3 /* Build configuration list for PBXNativeTarget "PitchPerfect" */;
			buildPhases = (
				B4373CBA7CB3ADC8B696B783 /* [CP] Check Pods Manifest.lock */,
				9623D69D1E14C63F003588D3 /* Sources */,
				9623D69E1E14C63F003588D3 /* Frameworks */,
				9623D69F1E14C63F003588D3 /* Resources */,
				CE98560AADDC4D8B13DBA805 /* [CP] Embed Pods Frameworks */,
				F5642EC422BD1FE9AD7CAC75 /* [CP] Copy Pods Resources */,
			);
			buildRules = (
			);
			dependencies = (
			);
			name = PitchPerfect;
			productName = PitchPerfect;
			productReference = 9623D6A11E14C63F003588D3 /* PitchPerfect.app */;
			productType = "com.apple.product-type.application";
		};
/* End PBXNativeTarget section */

/* Begin PBXProject section */
		9623D6991E14C63F003588D3 /* Project object */ = {
			isa = PBXProject;
			attributes = {
				LastSwiftUpdateCheck = 0820;
				LastUpgradeCheck = 0820;
				ORGANIZATIONNAME = YutaeChoi;
				TargetAttributes = {
					9623D6A01E14C63F003588D3 = {
						CreatedOnToolsVersion = 8.2.1;
						DevelopmentTeam = 22XN7UBS5Y;
						LastSwiftMigration = 0820;
						ProvisioningStyle = Automatic;
					};
				};
			};
			buildConfigurationList = 9623D69C1E14C63F003588D3 /* Build configuration list for PBXProject "PitchPerfect" */;
			compatibilityVersion = "Xcode 3.2";
			developmentRegion = English;
			hasScannedForEncodings = 0;
			knownRegions = (
				en,
				Base,
			);
			mainGroup = 9623D6981E14C63F003588D3;
			productRefGroup = 9623D6A21E14C63F003588D3 /* Products */;
			projectDirPath = "";
			projectRoot = "";
			targets = (
				9623D6A01E14C63F003588D3 /* PitchPerfect */,
			);
		};
/* End PBXProject section */

/* Begin PBXResourcesBuildPhase section */
		9623D69F1E14C63F003588D3 /* Resources */ = {
			isa = PBXResourcesBuildPhase;
			buildActionMask = 2147483647;
			files = (
				96AE35B11E1FE77500D30A89 /* Organ.m4a in Resources */,
				969A22BB1E1FA104000EFC08 /* InteractivePlayerView.xib in Resources */,
				96C9EDC61E212D220074F638 /* Drum.m4a in Resources */,
				9623D6AF1E14C63F003588D3 /* LaunchScreen.storyboard in Resources */,
				9623D6AC1E14C63F003588D3 /* Assets.xcassets in Resources */,
				9623D6AA1E14C63F003588D3 /* Main.storyboard in Resources */,
			);
			runOnlyForDeploymentPostprocessing = 0;
		};
/* End PBXResourcesBuildPhase section */

/* Begin PBXShellScriptBuildPhase section */
		B4373CBA7CB3ADC8B696B783 /* [CP] Check Pods Manifest.lock */ = {
			isa = PBXShellScriptBuildPhase;
			buildActionMask = 2147483647;
			files = (
			);
			inputPaths = (
			);
			name = "[CP] Check Pods Manifest.lock";
			outputPaths = (
			);
			runOnlyForDeploymentPostprocessing = 0;
			shellPath = /bin/sh;
			shellScript = "diff \"${PODS_ROOT}/../Podfile.lock\" \"${PODS_ROOT}/Manifest.lock\" > /dev/null\nif [ $? != 0 ] ; then\n    # print error to STDERR\n    echo \"error: The sandbox is not in sync with the Podfile.lock. Run 'pod install' or update your CocoaPods installation.\" >&2\n    exit 1\nfi\n";
			showEnvVarsInLog = 0;
		};
		CE98560AADDC4D8B13DBA805 /* [CP] Embed Pods Frameworks */ = {
			isa = PBXShellScriptBuildPhase;
			buildActionMask = 2147483647;
			files = (
			);
			inputPaths = (
			);
			name = "[CP] Embed Pods Frameworks";
			outputPaths = (
			);
			runOnlyForDeploymentPostprocessing = 0;
			shellPath = /bin/sh;
			shellScript = "\"${SRCROOT}/Pods/Target Support Files/Pods-PitchPerfect/Pods-PitchPerfect-frameworks.sh\"\n";
			showEnvVarsInLog = 0;
		};
		F5642EC422BD1FE9AD7CAC75 /* [CP] Copy Pods Resources */ = {
			isa = PBXShellScriptBuildPhase;
			buildActionMask = 2147483647;
			files = (
			);
			inputPaths = (
			);
			name = "[CP] Copy Pods Resources";
			outputPaths = (
			);
			runOnlyForDeploymentPostprocessing = 0;
			shellPath = /bin/sh;
			shellScript = "\"${SRCROOT}/Pods/Target Support Files/Pods-PitchPerfect/Pods-PitchPerfect-resources.sh\"\n";
			showEnvVarsInLog = 0;
		};
/* End PBXShellScriptBuildPhase section */

/* Begin PBXSourcesBuildPhase section */
		9623D69D1E14C63F003588D3 /* Sources */ = {
			isa = PBXSourcesBuildPhase;
			buildActionMask = 2147483647;
			files = (
				9623D6A71E14C63F003588D3 /* RecordSoundsViewController.swift in Sources */,
				96B5E1F01E1CE4CF00B10BB7 /* dialLayoutCell.swift in Sources */,
				9623D6A51E14C63F003588D3 /* AppDelegate.swift in Sources */,
				96B5E1EE1E1CDD0400B10BB7 /* PlaySoundsDialLayoutViewController.swift in Sources */,
				96B5E1F21E1D14F300B10BB7 /* PlaySoundsVCExtension.swift in Sources */,
				96C9EDCB1E22457A0074F638 /* UIColorExtension.swift in Sources */,
				969A22BA1E1FA103000EFC08 /* InteractivePlayerView.swift in Sources */,
				96B5E1EC1E1CD84600B10BB7 /* AWCollectionViewDialLayout.swift in Sources */,
			);
			runOnlyForDeploymentPostprocessing = 0;
		};
/* End PBXSourcesBuildPhase section */

/* Begin PBXVariantGroup section */
		9623D6A81E14C63F003588D3 /* Main.storyboard */ = {
			isa = PBXVariantGroup;
			children = (
				9623D6A91E14C63F003588D3 /* Base */,
			);
			name = Main.storyboard;
			sourceTree = "<group>";
		};
		9623D6AD1E14C63F003588D3 /* LaunchScreen.storyboard */ = {
			isa = PBXVariantGroup;
			children = (
				9623D6AE1E14C63F003588D3 /* Base */,
			);
			name = LaunchScreen.storyboard;
			sourceTree = "<group>";
		};
/* End PBXVariantGroup section */

/* Begin XCBuildConfiguration section */
		9623D6B11E14C63F003588D3 /* Debug */ = {
			isa = XCBuildConfiguration;
			buildSettings = {
				ALWAYS_SEARCH_USER_PATHS = NO;
				CLANG_ANALYZER_NONNULL = YES;
				CLANG_CXX_LANGUAGE_STANDARD = "gnu++0x";
				CLANG_CXX_LIBRARY = "libc++";
				CLANG_ENABLE_MODULES = YES;
				CLANG_ENABLE_OBJC_ARC = YES;
				CLANG_WARN_BOOL_CONVERSION = YES;
				CLANG_WARN_CONSTANT_CONVERSION = YES;
				CLANG_WARN_DIRECT_OBJC_ISA_USAGE = YES_ERROR;
				CLANG_WARN_DOCUMENTATION_COMMENTS = YES;
				CLANG_WARN_EMPTY_BODY = YES;
				CLANG_WARN_ENUM_CONVERSION = YES;
				CLANG_WARN_INFINITE_RECURSION = YES;
				CLANG_WARN_INT_CONVERSION = YES;
				CLANG_WARN_OBJC_ROOT_CLASS = YES_ERROR;
				CLANG_WARN_SUSPICIOUS_MOVE = YES;
				CLANG_WARN_UNREACHABLE_CODE = YES;
				CLANG_WARN__DUPLICATE_METHOD_MATCH = YES;
				"CODE_SIGN_IDENTITY[sdk=iphoneos*]" = "iPhone Developer";
				COPY_PHASE_STRIP = NO;
				DEBUG_INFORMATION_FORMAT = dwarf;
				ENABLE_STRICT_OBJC_MSGSEND = YES;
				ENABLE_TESTABILITY = YES;
				GCC_C_LANGUAGE_STANDARD = gnu99;
				GCC_DYNAMIC_NO_PIC = NO;
				GCC_NO_COMMON_BLOCKS = YES;
				GCC_OPTIMIZATION_LEVEL = 0;
				GCC_PREPROCESSOR_DEFINITIONS = (
					"DEBUG=1",
					"$(inherited)",
				);
				GCC_WARN_64_TO_32_BIT_CONVERSION = YES;
				GCC_WARN_ABOUT_RETURN_TYPE = YES_ERROR;
				GCC_WARN_UNDECLARED_SELECTOR = YES;
				GCC_WARN_UNINITIALIZED_AUTOS = YES_AGGRESSIVE;
				GCC_WARN_UNUSED_FUNCTION = YES;
				GCC_WARN_UNUSED_VARIABLE = YES;
				IPHONEOS_DEPLOYMENT_TARGET = 10.2;
				MTL_ENABLE_DEBUG_INFO = YES;
				ONLY_ACTIVE_ARCH = YES;
				SDKROOT = iphoneos;
				SWIFT_ACTIVE_COMPILATION_CONDITIONS = DEBUG;
				SWIFT_OPTIMIZATION_LEVEL = "-Onone";
				TARGETED_DEVICE_FAMILY = "1,2";
			};
			name = Debug;
		};
		9623D6B21E14C63F003588D3 /* Release */ = {
			isa = XCBuildConfiguration;
			buildSettings = {
				ALWAYS_SEARCH_USER_PATHS = NO;
				CLANG_ANALYZER_NONNULL = YES;
				CLANG_CXX_LANGUAGE_STANDARD = "gnu++0x";
				CLANG_CXX_LIBRARY = "libc++";
				CLANG_ENABLE_MODULES = YES;
				CLANG_ENABLE_OBJC_ARC = YES;
				CLANG_WARN_BOOL_CONVERSION = YES;
				CLANG_WARN_CONSTANT_CONVERSION = YES;
				CLANG_WARN_DIRECT_OBJC_ISA_USAGE = YES_ERROR;
				CLANG_WARN_DOCUMENTATION_COMMENTS = YES;
				CLANG_WARN_EMPTY_BODY = YES;
				CLANG_WARN_ENUM_CONVERSION = YES;
				CLANG_WARN_INFINITE_RECURSION = YES;
				CLANG_WARN_INT_CONVERSION = YES;
				CLANG_WARN_OBJC_ROOT_CLASS = YES_ERROR;
				CLANG_WARN_SUSPICIOUS_MOVE = YES;
				CLANG_WARN_UNREACHABLE_CODE = YES;
				CLANG_WARN__DUPLICATE_METHOD_MATCH = YES;
				"CODE_SIGN_IDENTITY[sdk=iphoneos*]" = "iPhone Developer";
				COPY_PHASE_STRIP = NO;
				DEBUG_INFORMATION_FORMAT = "dwarf-with-dsym";
				ENABLE_NS_ASSERTIONS = NO;
				ENABLE_STRICT_OBJC_MSGSEND = YES;
				GCC_C_LANGUAGE_STANDARD = gnu99;
				GCC_NO_COMMON_BLOCKS = YES;
				GCC_WARN_64_TO_32_BIT_CONVERSION = YES;
				GCC_WARN_ABOUT_RETURN_TYPE = YES_ERROR;
				GCC_WARN_UNDECLARED_SELECTOR = YES;
				GCC_WARN_UNINITIALIZED_AUTOS = YES_AGGRESSIVE;
				GCC_WARN_UNUSED_FUNCTION = YES;
				GCC_WARN_UNUSED_VARIABLE = YES;
				IPHONEOS_DEPLOYMENT_TARGET = 10.2;
				MTL_ENABLE_DEBUG_INFO = NO;
				SDKROOT = iphoneos;
				SWIFT_OPTIMIZATION_LEVEL = "-Owholemodule";
				TARGETED_DEVICE_FAMILY = "1,2";
				VALIDATE_PRODUCT = YES;
			};
			name = Release;
		};
		9623D6B41E14C63F003588D3 /* Debug */ = {
			isa = XCBuildConfiguration;
			baseConfigurationReference = 32BC99EBD22C802F185D56C2 /* Pods-PitchPerfect.debug.xcconfig */;
			buildSettings = {
				ASSETCATALOG_COMPILER_APPICON_NAME = AppIcon;
				CLANG_ENABLE_MODULES = YES;
				DEVELOPMENT_TEAM = 22XN7UBS5Y;
				INFOPLIST_FILE = PitchPerfect/Info.plist;
				LD_RUNPATH_SEARCH_PATHS = "$(inherited) @executable_path/Frameworks";
				PRODUCT_BUNDLE_IDENTIFIER = com.connect.PitchPerfect;
				PRODUCT_NAME = "$(TARGET_NAME)";
				SWIFT_OBJC_BRIDGING_HEADER = "PitchPerfect/PitchPerfect-Bridging-Header.h";
				SWIFT_OPTIMIZATION_LEVEL = "-Onone";
				SWIFT_VERSION = 3.0;
			};
			name = Debug;
		};
		9623D6B51E14C63F003588D3 /* Release */ = {
			isa = XCBuildConfiguration;
			baseConfigurationReference = 739236C6B49BDEB5745EDF69 /* Pods-PitchPerfect.release.xcconfig */;
			buildSettings = {
				ASSETCATALOG_COMPILER_APPICON_NAME = AppIcon;
				CLANG_ENABLE_MODULES = YES;
				DEVELOPMENT_TEAM = 22XN7UBS5Y;
				INFOPLIST_FILE = PitchPerfect/Info.plist;
				LD_RUNPATH_SEARCH_PATHS = "$(inherited) @executable_path/Frameworks";
				PRODUCT_BUNDLE_IDENTIFIER = com.connect.PitchPerfect;
				PRODUCT_NAME = "$(TARGET_NAME)";
				SWIFT_OBJC_BRIDGING_HEADER = "PitchPerfect/PitchPerfect-Bridging-Header.h";
				SWIFT_VERSION = 3.0;
			};
			name = Release;
		};
/* End XCBuildConfiguration section */

/* Begin XCConfigurationList section */
		9623D69C1E14C63F003588D3 /* Build configuration list for PBXProject "PitchPerfect" */ = {
			isa = XCConfigurationList;
			buildConfigurations = (
				9623D6B11E14C63F003588D3 /* Debug */,
				9623D6B21E14C63F003588D3 /* Release */,
			);
			defaultConfigurationIsVisible = 0;
			defaultConfigurationName = Release;
		};
		9623D6B31E14C63F003588D3 /* Build configuration list for PBXNativeTarget "PitchPerfect" */ = {
			isa = XCConfigurationList;
			buildConfigurations = (
				9623D6B41E14C63F003588D3 /* Debug */,
				9623D6B51E14C63F003588D3 /* Release */,
			);
			defaultConfigurationIsVisible = 0;
			defaultConfigurationName = Release;
		};
/* End XCConfigurationList section */
	};
	rootObject = 9623D6991E14C63F003588D3 /* Project object */;
}
